
Microsoft Visual Studio Solution File, Format Version 12.00
# Visual Studio Version 16
VisualStudioVersion = 16.0.29806.167
MinimumVisualStudioVersion = 10.0.40219.1
Project("{FAE04EC0-301F-11D3-BF4B-00C04F79EFBC}") = "POOtriangulo", "POOtriangulo\POOtriangulo.csproj", "{74D9A8C7-BBEF-4471-A080-AC0F5B09FE62}"
EndProject
Global
	GlobalSection(SolutionConfigurationPlatforms) = preSolution
		Debug|Any CPU = Debug|Any CPU
		Release|Any CPU = Release|Any CPU
	EndGlobalSection
	GlobalSection(ProjectConfigurationPlatforms) = postSolution
		{74D9A8C7-BBEF-4471-A080-AC0F5B09FE62}.Debug|Any CPU.ActiveCfg = Debug|Any CPU
		{74D9A8C7-BBEF-4471-A080-AC0F5B09FE62}.Debug|Any CPU.Build.0 = Debug|Any CPU
		{74D9A8C7-BBEF-4471-A080-AC0F5B09FE62}.Release|Any CPU.ActiveCfg = Release|Any CPU
		{74D9A8C7-BBEF-4471-A080-AC0F5B09FE62}.Release|Any CPU.Build.0 = Release|Any CPU
	EndGlobalSection
	GlobalSection(SolutionProperties) = preSolution
		HideSolutionNode = FALSE
	EndGlobalSection
	GlobalSection(ExtensibilityGlobals) = postSolution
		SolutionGuid = {B84D97B9-F696-449F-B5EB-1F7FC8D1C83D}
	EndGlobalSection
EndGlobal
